
Microsoft Visual Studio Solution File, Format Version 12.00
# Visual Studio Version 17
VisualStudioVersion = 17.9.34616.47
MinimumVisualStudioVersion = 10.0.40219.1
Project("{8BC9CEB8-8B4A-11D0-8D11-00A0C91BC942}") = "Paradigmaoop2", "Paradigmaoop2\Paradigmaoop2.vcxproj", "{9E56912B-592C-4D1F-A976-158187D23ACC}"
EndProject
Project("{8BC9CEB8-8B4A-11D0-8D11-00A0C91BC942}") = "Encapkulasi", "Encapkulasi\Encapkulasi.vcxproj", "{DFD41A50-1222-4988-944A-C694107443EE}"
EndProject
Project("{8BC9CEB8-8B4A-11D0-8D11-00A0C91BC942}") = "Overriding", "Overriding\Overriding.vcxproj", "{15292661-5377-43EA-900D-2EAD583968E3}"
EndProject
Global
	GlobalSection(SolutionConfigurationPlatforms) = preSolution
		Debug|x64 = Debug|x64
		Debug|x86 = Debug|x86
		Release|x64 = Release|x64
		Release|x86 = Release|x86
	EndGlobalSection
	GlobalSection(ProjectConfigurationPlatforms) = postSolution
		{9E56912B-592C-4D1F-A976-158187D23ACC}.Debug|x64.ActiveCfg = Debug|x64
		{9E56912B-592C-4D1F-A976-158187D23ACC}.Debug|x64.Build.0 = Debug|x64
		{9E56912B-592C-4D1F-A976-158187D23ACC}.Debug|x86.ActiveCfg = Debug|Win32
		{9E56912B-592C-4D1F-A976-158187D23ACC}.Debug|x86.Build.0 = Debug|Win32
		{9E56912B-592C-4D1F-A976-158187D23ACC}.Release|x64.ActiveCfg = Release|x64
		{9E56912B-592C-4D1F-A976-158187D23ACC}.Release|x64.Build.0 = Release|x64
		{9E56912B-592C-4D1F-A976-158187D23ACC}.Release|x86.ActiveCfg = Release|Win32
		{9E56912B-592C-4D1F-A976-158187D23ACC}.Release|x86.Build.0 = Release|Win32
		{DFD41A50-1222-4988-944A-C694107443EE}.Debug|x64.ActiveCfg = Debug|x64
		{DFD41A50-1222-4988-944A-C694107443EE}.Debug|x64.Build.0 = Debug|x64
		{DFD41A50-1222-4988-944A-C694107443EE}.Debug|x86.ActiveCfg = Debug|Win32
		{DFD41A50-1222-4988-944A-C694107443EE}.Debug|x86.Build.0 = Debug|Win32
		{DFD41A50-1222-4988-944A-C694107443EE}.Release|x64.ActiveCfg = Release|x64
		{DFD41A50-1222-4988-944A-C694107443EE}.Release|x64.Build.0 = Release|x64
		{DFD41A50-1222-4988-944A-C694107443EE}.Release|x86.ActiveCfg = Release|Win32
		{DFD41A50-1222-4988-944A-C694107443EE}.Release|x86.Build.0 = Release|Win32
		{15292661-5377-43EA-900D-2EAD583968E3}.Debug|x64.ActiveCfg = Debug|x64
		{15292661-5377-43EA-900D-2EAD583968E3}.Debug|x64.Build.0 = Debug|x64
		{15292661-5377-43EA-900D-2EAD583968E3}.Debug|x86.ActiveCfg = Debug|Win32
		{15292661-5377-43EA-900D-2EAD583968E3}.Debug|x86.Build.0 = Debug|Win32
		{15292661-5377-43EA-900D-2EAD583968E3}.Release|x64.ActiveCfg = Release|x64
		{15292661-5377-43EA-900D-2EAD583968E3}.Release|x64.Build.0 = Release|x64
		{15292661-5377-43EA-900D-2EAD583968E3}.Release|x86.ActiveCfg = Release|Win32
		{15292661-5377-43EA-900D-2EAD583968E3}.Release|x86.Build.0 = Release|Win32
	EndGlobalSection
	GlobalSection(SolutionProperties) = preSolution
		HideSolutionNode = FALSE
	EndGlobalSection
	GlobalSection(ExtensibilityGlobals) = postSolution
		SolutionGuid = {DAB5079E-3AC8-4065-9899-DE308DCC1DCE}
	EndGlobalSection
EndGlobal
